
Microsoft Visual Studio Solution File, Format Version 12.00
# Visual Studio Version 17
VisualStudioVersion = 17.5.33627.172
MinimumVisualStudioVersion = 10.0.40219.1
Project("{FAE04EC0-301F-11D3-BF4B-00C04F79EFBC}") = "CSharp_Mascotas2", "CSharp_Mascotas2\CSharp_Mascotas2.csproj", "{D41545E4-FA9D-490F-ACE2-1224BCA0F20B}"
EndProject
Global
	GlobalSection(SolutionConfigurationPlatforms) = preSolution
		Debug|Any CPU = Debug|Any CPU
		Release|Any CPU = Release|Any CPU
	EndGlobalSection
	GlobalSection(ProjectConfigurationPlatforms) = postSolution
		{D41545E4-FA9D-490F-ACE2-1224BCA0F20B}.Debug|Any CPU.ActiveCfg = Debug|Any CPU
		{D41545E4-FA9D-490F-ACE2-1224BCA0F20B}.Debug|Any CPU.Build.0 = Debug|Any CPU
		{D41545E4-FA9D-490F-ACE2-1224BCA0F20B}.Release|Any CPU.ActiveCfg = Release|Any CPU
		{D41545E4-FA9D-490F-ACE2-1224BCA0F20B}.Release|Any CPU.Build.0 = Release|Any CPU
	EndGlobalSection
	GlobalSection(SolutionProperties) = preSolution
		HideSolutionNode = FALSE
	EndGlobalSection
	GlobalSection(ExtensibilityGlobals) = postSolution
		SolutionGuid = {E37399D8-270A-4AFA-A57D-6B9F10BE3D7F}
	EndGlobalSection
EndGlobal
